
Microsoft Visual Studio Solution File, Format Version 12.00
# Visual Studio Version 17
VisualStudioVersion = 17.3.32929.385
MinimumVisualStudioVersion = 10.0.40219.1
Project("{FAE04EC0-301F-11D3-BF4B-00C04F79EFBC}") = "billpage", "billpage.csproj", "{D4360ECE-B40D-48B1-BB3B-45661C26029A}"
EndProject
Global
	GlobalSection(SolutionConfigurationPlatforms) = preSolution
		Debug|Any CPU = Debug|Any CPU
		Release|Any CPU = Release|Any CPU
	EndGlobalSection
	GlobalSection(ProjectConfigurationPlatforms) = postSolution
		{D4360ECE-B40D-48B1-BB3B-45661C26029A}.Debug|Any CPU.ActiveCfg = Debug|Any CPU
		{D4360ECE-B40D-48B1-BB3B-45661C26029A}.Debug|Any CPU.Build.0 = Debug|Any CPU
		{D4360ECE-B40D-48B1-BB3B-45661C26029A}.Release|Any CPU.ActiveCfg = Release|Any CPU
		{D4360ECE-B40D-48B1-BB3B-45661C26029A}.Release|Any CPU.Build.0 = Release|Any CPU
	EndGlobalSection
	GlobalSection(SolutionProperties) = preSolution
		HideSolutionNode = FALSE
	EndGlobalSection
	GlobalSection(ExtensibilityGlobals) = postSolution
		SolutionGuid = {05587472-AA8A-48EE-A233-502CEF20E758}
	EndGlobalSection
EndGlobal
