
Microsoft Visual Studio Solution File, Format Version 12.00
# Visual Studio Version 17
VisualStudioVersion = 17.3.32901.215
MinimumVisualStudioVersion = 10.0.40219.1
Project("{FAE04EC0-301F-11D3-BF4B-00C04F79EFBC}") = "FoodieZone'", "FoodieZone'\FoodieZone'.csproj", "{7175541C-73C0-40D3-A0E5-B32F3B62DAC8}"
EndProject
Global
	GlobalSection(SolutionConfigurationPlatforms) = preSolution
		Debug|Any CPU = Debug|Any CPU
		Release|Any CPU = Release|Any CPU
	EndGlobalSection
	GlobalSection(ProjectConfigurationPlatforms) = postSolution
		{7175541C-73C0-40D3-A0E5-B32F3B62DAC8}.Debug|Any CPU.ActiveCfg = Debug|Any CPU
		{7175541C-73C0-40D3-A0E5-B32F3B62DAC8}.Debug|Any CPU.Build.0 = Debug|Any CPU
		{7175541C-73C0-40D3-A0E5-B32F3B62DAC8}.Release|Any CPU.ActiveCfg = Release|Any CPU
		{7175541C-73C0-40D3-A0E5-B32F3B62DAC8}.Release|Any CPU.Build.0 = Release|Any CPU
	EndGlobalSection
	GlobalSection(SolutionProperties) = preSolution
		HideSolutionNode = FALSE
	EndGlobalSection
	GlobalSection(ExtensibilityGlobals) = postSolution
		SolutionGuid = {B31E7B6F-A0B9-4C3A-B0A1-C95725053019}
	EndGlobalSection
EndGlobal
